
Microsoft Visual Studio Solution File, Format Version 12.00
# Visual Studio Version 16
VisualStudioVersion = 16.0.29306.81
MinimumVisualStudioVersion = 10.0.40219.1
Project("{FAE04EC0-301F-11D3-BF4B-00C04F79EFBC}") = "BlackJackGame", "BlackJackGame\BlackJackGame.csproj", "{EAF24D4E-876C-4476-AC6E-9DDC55CAEE92}"
EndProject
Global
	GlobalSection(SolutionConfigurationPlatforms) = preSolution
		Debug|Any CPU = Debug|Any CPU
		Release|Any CPU = Release|Any CPU
	EndGlobalSection
	GlobalSection(ProjectConfigurationPlatforms) = postSolution
		{EAF24D4E-876C-4476-AC6E-9DDC55CAEE92}.Debug|Any CPU.ActiveCfg = Debug|Any CPU
		{EAF24D4E-876C-4476-AC6E-9DDC55CAEE92}.Debug|Any CPU.Build.0 = Debug|Any CPU
		{EAF24D4E-876C-4476-AC6E-9DDC55CAEE92}.Release|Any CPU.ActiveCfg = Release|Any CPU
		{EAF24D4E-876C-4476-AC6E-9DDC55CAEE92}.Release|Any CPU.Build.0 = Release|Any CPU
	EndGlobalSection
	GlobalSection(SolutionProperties) = preSolution
		HideSolutionNode = FALSE
	EndGlobalSection
	GlobalSection(ExtensibilityGlobals) = postSolution
		SolutionGuid = {4DEDBB52-6CCD-4E97-9FE2-D90D8C415CBF}
	EndGlobalSection
EndGlobal
